{
	"name": "artist-caibo-utils",
	"version": "0.1.6",
	"lockfileVersion": 1,
	"requires": true,
	"dependencies": {
		"artist-caibo-core": {
			"version": "0.0.1",
			"resolved": "https://registry.npmjs.org/artist-caibo-core/-/artist-caibo-core-0.0.1.tgz",
			"integrity": "sha512-rS5Ux8AnhNenVqDa2lOWUgSa6n+tNfSnfJc/jemta7ZAG2OlZ1IgRKcjY4ubi5tEuYbK4gQPQr+q6Ik9AqnKuA==",
			"requires": {
				"artist-caibo-utils": "^0.0.1"
			}
		},
		"artist-caibo-utils": {
			"version": "0.0.1",
			"resolved": "https://registry.npmjs.org/artist-caibo-utils/-/artist-caibo-utils-0.0.1.tgz",
			"integrity": "sha512-WLOC1kp03Ru5JWWYL57eRAQdK+ut7SOaNVjmQ4d/OBrFdbI3W8KKxLE5bQfrS+ohrP0LYQDlB2czMdEXsXmagA==",
			"requires": {
				"artist-caibo-core": "^0.0.1"
			}
		}
	}
}
